<Solution>
  <Configurations>
    <Platform Name="x64" />
    <Platform Name="x86" />
  </Configurations>
  <Project Path="Con.App/Con.App.vcxproj" Id="ebbf3c77-6c2d-4b92-9995-b2e953c376ae">
    <BuildDependency Project="Con.Core/Con.Core.vcxproj" />
  </Project>
  <Project Path="Con.Core/Con.Core.vcxproj" Id="70f7497b-c8d0-41b8-b603-1b50da284afb" />
  <Project Path="Con.Tasks/Con.Tasks.vcxproj" Id="0851a7d7-703a-413d-9914-f7c3e311ff1d" />
</Solution>
