<?xml version="1.0" encoding="utf-8"?>
<Project ToolsVersion="4.0" xmlns="http://schemas.microsoft.com/developer/msbuild/2003">
  <ItemGroup>
    <Filter Include="Source Files">
      <UniqueIdentifier>{4FC737F1-C7A5-4376-A066-2A32D752A2FF}</UniqueIdentifier>
      <Extensions>cpp;c;cc;cxx;c++;cppm;ixx;def;odl;idl;hpj;bat;asm;asmx</Extensions>
    </Filter>
    <Filter Include="Header Files">
      <UniqueIdentifier>{93995380-89BD-4b04-88EB-625FBE52EBFB}</UniqueIdentifier>
      <Extensions>h;hh;hpp;hxx;h++;hm;inl;inc;ipp;xsd</Extensions>
    </Filter>
    <Filter Include="Resource Files">
      <UniqueIdentifier>{67DA6AB6-F800-4c08-8B7A-83BB121AAD01}</UniqueIdentifier>
      <Extensions>rc;ico;cur;bmp;dlg;rc2;rct;bin;rgs;gif;jpg;jpeg;jpe;resx;tiff;tif;png;wav;mfcribbon-ms</Extensions>
    </Filter>
  </ItemGroup>
  <ItemGroup>
    <ClCompile Include="Code\Core\AppConfig\AppConfig.cxx">
      <Filter>Source Files</Filter>
    </ClCompile>
    <ClCompile Include="Code\Core\AppEntryPoint\Main.cxx">
      <Filter>Source Files</Filter>
    </ClCompile>
    <ClCompile Include="Code\Core\AppState\AppState.cxx">
      <Filter>Source Files</Filter>
    </ClCompile>
    <ClCompile Include="Code\Core\App\App.cxx">
      <Filter>Source Files</Filter>
    </ClCompile>
    <ClCompile Include="Code\Core\Console\Console.cxx">
      <Filter>Source Files</Filter>
    </ClCompile>
    <ClCompile Include="Code\Core\GameClock\GameClock.cxx">
      <Filter>Source Files</Filter>
    </ClCompile>
    <ClCompile Include="Code\Core\GameEntry\GameEntry.cxx">
      <Filter>Source Files</Filter>
    </ClCompile>
    <ClCompile Include="Code\Core\GameLibrary\GameLibrary.cxx">
      <Filter>Source Files</Filter>
    </ClCompile>
    <ClCompile Include="Code\Core\Utils\Utils.cxx">
      <Filter>Source Files</Filter>
    </ClCompile>
    <ClCompile Include="Code\Tasks\AddNewGame\AddNewGame.cxx">
      <Filter>Source Files</Filter>
    </ClCompile>
    <ClCompile Include="Code\Tasks\ChangeAutoSaveInterval\ChangeAutoSaveInterval.cxx">
      <Filter>Source Files</Filter>
    </ClCompile>
    <ClCompile Include="Code\Tasks\ChangeGameTitle\ChangeGameTitle.cxx">
      <Filter>Source Files</Filter>
    </ClCompile>
    <ClCompile Include="Code\Tasks\CheckForUpdates\CheckForUpdates.cxx">
      <Filter>Source Files</Filter>
    </ClCompile>
    <ClCompile Include="Code\Tasks\DeleteGame\DeleteGame.cxx">
      <Filter>Source Files</Filter>
    </ClCompile>
    <ClCompile Include="Code\Tasks\EditGamesMenu\EditGamesMenu.cxx">
      <Filter>Source Files</Filter>
    </ClCompile>
    <ClCompile Include="Code\Tasks\ListGames\ListGames.cxx">
      <Filter>Source Files</Filter>
    </ClCompile>
    <ClCompile Include="Code\Tasks\MainMenu\MainMenu.cxx">
      <Filter>Source Files</Filter>
    </ClCompile>
    <ClCompile Include="Code\Tasks\ResetGameClock\ResetGameClock.cxx">
      <Filter>Source Files</Filter>
    </ClCompile>
    <ClCompile Include="Code\Tasks\SettingsMenu\SettingsMenu.cxx">
      <Filter>Source Files</Filter>
    </ClCompile>
    <ClCompile Include="Code\Tasks\StartApp\StartApp.cxx">
      <Filter>Source Files</Filter>
    </ClCompile>
    <ClCompile Include="Code\Tasks\StopApp\StopApp.cxx">
      <Filter>Source Files</Filter>
    </ClCompile>
    <ClCompile Include="Code\Tasks\ToggleAutoSave\ToggleAutoSave.cxx">
      <Filter>Source Files</Filter>
    </ClCompile>
    <ClCompile Include="Code\Tasks\ToggleGameClock\ToggleGameClock.cxx">
      <Filter>Source Files</Filter>
    </ClCompile>
    <ClCompile Include="Code\pch.cxx">
      <Filter>Source Files</Filter>
    </ClCompile>
  </ItemGroup>
  <ItemGroup>
    <ClInclude Include="Code\Core\AppConfig\AppConfig.hxx">
      <Filter>Header Files</Filter>
    </ClInclude>
    <ClInclude Include="Code\Core\AppState\AppState.hxx">
      <Filter>Header Files</Filter>
    </ClInclude>
    <ClInclude Include="Code\Core\App\App.hxx">
      <Filter>Header Files</Filter>
    </ClInclude>
    <ClInclude Include="Code\Core\Console\Console.hxx">
      <Filter>Header Files</Filter>
    </ClInclude>
    <ClInclude Include="Code\Core\GameClock\GameClock.hxx">
      <Filter>Header Files</Filter>
    </ClInclude>
    <ClInclude Include="Code\Core\GameEntry\GameEntry.hxx">
      <Filter>Header Files</Filter>
    </ClInclude>
    <ClInclude Include="Code\Core\GameLibrary\GameLibrary.hxx">
      <Filter>Header Files</Filter>
    </ClInclude>
    <ClInclude Include="Code\Core\TaskType\TaskType.hxx">
      <Filter>Header Files</Filter>
    </ClInclude>
    <ClInclude Include="Code\Core\Utils\Utils.hxx">
      <Filter>Header Files</Filter>
    </ClInclude>
    <ClInclude Include="Code\pch.hxx">
      <Filter>Header Files</Filter>
    </ClInclude>
    <ClInclude Include="Code\Tasks\AddNewGame\AddNewGame.hxx">
      <Filter>Header Files</Filter>
    </ClInclude>
    <ClInclude Include="Code\Tasks\ChangeAutoSaveInterval\ChangeAutoSaveInterval.hxx">
      <Filter>Header Files</Filter>
    </ClInclude>
    <ClInclude Include="Code\Tasks\ChangeGameTitle\ChangeGameTitle.hxx">
      <Filter>Header Files</Filter>
    </ClInclude>
    <ClInclude Include="Code\Tasks\CheckForUpdates\CheckForUpdates.hxx">
      <Filter>Header Files</Filter>
    </ClInclude>
    <ClInclude Include="Code\Tasks\DeleteGame\DeleteGame.hxx">
      <Filter>Header Files</Filter>
    </ClInclude>
    <ClInclude Include="Code\Tasks\EditGamesMenu\EditGamesMenu.hxx">
      <Filter>Header Files</Filter>
    </ClInclude>
    <ClInclude Include="Code\Tasks\ListGames\ListGames.hxx">
      <Filter>Header Files</Filter>
    </ClInclude>
    <ClInclude Include="Code\Tasks\MainMenu\MainMenu.hxx">
      <Filter>Header Files</Filter>
    </ClInclude>
    <ClInclude Include="Code\Tasks\ResetGameClock\ResetGameClock.hxx">
      <Filter>Header Files</Filter>
    </ClInclude>
    <ClInclude Include="Code\Tasks\SettingsMenu\SettingsMenu.hxx">
      <Filter>Header Files</Filter>
    </ClInclude>
    <ClInclude Include="Code\Tasks\StartApp\StartApp.hxx">
      <Filter>Header Files</Filter>
    </ClInclude>
    <ClInclude Include="Code\Tasks\StopApp\StopApp.hxx">
      <Filter>Header Files</Filter>
    </ClInclude>
    <ClInclude Include="Code\Tasks\Tasks.hxx">
      <Filter>Header Files</Filter>
    </ClInclude>
    <ClInclude Include="Code\Tasks\ToggleAutoSave\ToggleAutoSave.hxx">
      <Filter>Header Files</Filter>
    </ClInclude>
    <ClInclude Include="Code\Tasks\ToggleGameClock\ToggleGameClock.hxx">
      <Filter>Header Files</Filter>
    </ClInclude>
  </ItemGroup>
  <ItemGroup>
    <None Include="vcpkg.json" />
    <None Include="vcpkg-configuration.json" />
    <None Include=".gitignore" />
  </ItemGroup>
</Project>